{
  "name": "proofs",
  "version": "1.0.0",
  "lockfileVersion": 3,
  "requires": true,
  "packages": {
    "": {
      "name": "proofs",
      "version": "1.0.0",
      "license": "ISC",
      "dependencies": {
        "garaga": "^0.14.0"
      }
    },
    "node_modules/garaga": {
      "version": "0.14.0",
      "resolved": "https://registry.npmjs.org/garaga/-/garaga-0.14.0.tgz",
      "integrity": "sha512-+SZbHD7zpE7Iebd0YJ6CAl/4H4/pRBVYYbi9hMpKwNyR0DdraSrdjjYScHdZV5gYdxk+ui7tE2+5GG1dkhRJJw=="
    }
  }
}
